
Microsoft Visual Studio Solution File, Format Version 12.00
# Visual Studio Version 16
VisualStudioVersion = 16.0.30021.99
MinimumVisualStudioVersion = 10.0.40219.1
Project("{9A19103F-16F7-4668-BE54-9A1E7A4F7556}") = "LightImage.Util", "LightImage.Util.csproj", "{E8D96561-B9AF-4D97-9B0D-1C581DA8C830}"
EndProject
Project("{2150E333-8FDC-42A3-9474-1A3956D46DE8}") = "Solution items", "Solution items", "{025282D5-B78D-4C7F-943C-FA8B80BB06CC}"
	ProjectSection(SolutionItems) = preProject
		..\.editorconfig = ..\.editorconfig
		..\logo.png = ..\logo.png
		..\README.md = ..\README.md
	EndProjectSection
EndProject
Project("{FAE04EC0-301F-11D3-BF4B-00C04F79EFBC}") = "LightImage.Util.Tests", "..\LightImage.Util.Tests\LightImage.Util.Tests.csproj", "{CFE04499-F85C-41ED-B3EC-DB59B86C250F}"
EndProject
Global
	GlobalSection(SolutionConfigurationPlatforms) = preSolution
		Debug|Any CPU = Debug|Any CPU
		Release|Any CPU = Release|Any CPU
	EndGlobalSection
	GlobalSection(ProjectConfigurationPlatforms) = postSolution
		{E8D96561-B9AF-4D97-9B0D-1C581DA8C830}.Debug|Any CPU.ActiveCfg = Debug|Any CPU
		{E8D96561-B9AF-4D97-9B0D-1C581DA8C830}.Debug|Any CPU.Build.0 = Debug|Any CPU
		{E8D96561-B9AF-4D97-9B0D-1C581DA8C830}.Release|Any CPU.ActiveCfg = Release|Any CPU
		{E8D96561-B9AF-4D97-9B0D-1C581DA8C830}.Release|Any CPU.Build.0 = Release|Any CPU
		{CFE04499-F85C-41ED-B3EC-DB59B86C250F}.Debug|Any CPU.ActiveCfg = Debug|Any CPU
		{CFE04499-F85C-41ED-B3EC-DB59B86C250F}.Debug|Any CPU.Build.0 = Debug|Any CPU
		{CFE04499-F85C-41ED-B3EC-DB59B86C250F}.Release|Any CPU.ActiveCfg = Release|Any CPU
		{CFE04499-F85C-41ED-B3EC-DB59B86C250F}.Release|Any CPU.Build.0 = Release|Any CPU
	EndGlobalSection
	GlobalSection(SolutionProperties) = preSolution
		HideSolutionNode = FALSE
	EndGlobalSection
	GlobalSection(ExtensibilityGlobals) = postSolution
		SolutionGuid = {F9B56072-9D5D-4218-86DE-B37C342F0EA7}
	EndGlobalSection
EndGlobal
